
Microsoft Visual Studio Solution File, Format Version 12.00
# Visual Studio 15
VisualStudioVersion = 15.0.28307.421
MinimumVisualStudioVersion = 10.0.40219.1
Project("{FAE04EC0-301F-11D3-BF4B-00C04F79EFBC}") = "AirAtlantiqueORM", "AirAtlantiqueORM\AirAtlantiqueORM.csproj", "{1EAABABA-EE0C-433A-8123-4034FC0AB15E}"
EndProject
Project("{FAE04EC0-301F-11D3-BF4B-00C04F79EFBC}") = "AirAtlantiqueORM.Start", "AirAtlantiqueORM.Start\AirAtlantiqueORM.Start.csproj", "{46DD6721-7CDC-4AD1-9BEF-86E84A108AE3}"
EndProject
Global
	GlobalSection(SolutionConfigurationPlatforms) = preSolution
		Debug|Any CPU = Debug|Any CPU
		Release|Any CPU = Release|Any CPU
	EndGlobalSection
	GlobalSection(ProjectConfigurationPlatforms) = postSolution
		{1EAABABA-EE0C-433A-8123-4034FC0AB15E}.Debug|Any CPU.ActiveCfg = Debug|Any CPU
		{1EAABABA-EE0C-433A-8123-4034FC0AB15E}.Debug|Any CPU.Build.0 = Debug|Any CPU
		{1EAABABA-EE0C-433A-8123-4034FC0AB15E}.Release|Any CPU.ActiveCfg = Release|Any CPU
		{1EAABABA-EE0C-433A-8123-4034FC0AB15E}.Release|Any CPU.Build.0 = Release|Any CPU
		{46DD6721-7CDC-4AD1-9BEF-86E84A108AE3}.Debug|Any CPU.ActiveCfg = Debug|Any CPU
		{46DD6721-7CDC-4AD1-9BEF-86E84A108AE3}.Debug|Any CPU.Build.0 = Debug|Any CPU
		{46DD6721-7CDC-4AD1-9BEF-86E84A108AE3}.Release|Any CPU.ActiveCfg = Release|Any CPU
		{46DD6721-7CDC-4AD1-9BEF-86E84A108AE3}.Release|Any CPU.Build.0 = Release|Any CPU
	EndGlobalSection
	GlobalSection(SolutionProperties) = preSolution
		HideSolutionNode = FALSE
	EndGlobalSection
	GlobalSection(ExtensibilityGlobals) = postSolution
		SolutionGuid = {B707A37E-733A-4963-999B-512BB5107B09}
	EndGlobalSection
EndGlobal
