
Microsoft Visual Studio Solution File, Format Version 12.00
# Visual Studio 15
VisualStudioVersion = 15.0.28307.421
MinimumVisualStudioVersion = 10.0.40219.1
Project("{FAE04EC0-301F-11D3-BF4B-00C04F79EFBC}") = "ProjetBdd", "ProjetBdd\ProjetBdd.csproj", "{6876848C-6416-4DD7-930B-6ED597E7F894}"
EndProject
Project("{FAE04EC0-301F-11D3-BF4B-00C04F79EFBC}") = "TestBasesFirst", "TestBasesFirst\TestBasesFirst.csproj", "{24BAE75C-EAFE-4E36-9D70-D962D6CD75E4}"
EndProject
Global
	GlobalSection(SolutionConfigurationPlatforms) = preSolution
		Debug|Any CPU = Debug|Any CPU
		Release|Any CPU = Release|Any CPU
	EndGlobalSection
	GlobalSection(ProjectConfigurationPlatforms) = postSolution
		{6876848C-6416-4DD7-930B-6ED597E7F894}.Debug|Any CPU.ActiveCfg = Debug|Any CPU
		{6876848C-6416-4DD7-930B-6ED597E7F894}.Debug|Any CPU.Build.0 = Debug|Any CPU
		{6876848C-6416-4DD7-930B-6ED597E7F894}.Release|Any CPU.ActiveCfg = Release|Any CPU
		{6876848C-6416-4DD7-930B-6ED597E7F894}.Release|Any CPU.Build.0 = Release|Any CPU
		{24BAE75C-EAFE-4E36-9D70-D962D6CD75E4}.Debug|Any CPU.ActiveCfg = Debug|Any CPU
		{24BAE75C-EAFE-4E36-9D70-D962D6CD75E4}.Debug|Any CPU.Build.0 = Debug|Any CPU
		{24BAE75C-EAFE-4E36-9D70-D962D6CD75E4}.Release|Any CPU.ActiveCfg = Release|Any CPU
		{24BAE75C-EAFE-4E36-9D70-D962D6CD75E4}.Release|Any CPU.Build.0 = Release|Any CPU
	EndGlobalSection
	GlobalSection(SolutionProperties) = preSolution
		HideSolutionNode = FALSE
	EndGlobalSection
	GlobalSection(ExtensibilityGlobals) = postSolution
		SolutionGuid = {C286720E-9009-433B-BE1D-857565160795}
	EndGlobalSection
EndGlobal
